
Microsoft Visual Studio Solution File, Format Version 12.00
# Visual Studio 2010
Project("{FAE04EC0-301F-11D3-BF4B-00C04F79EFBC}") = "Rental", "Rental\Rental.csproj", "{0457B26B-36C0-48D6-86D8-B3F7064813AE}"
	ProjectSection(ProjectDependencies) = postProject
		{1E23A2D8-FE3C-40E5-9970-655285C869B4} = {1E23A2D8-FE3C-40E5-9970-655285C869B4}
	EndProjectSection
EndProject
Project("{FAE04EC0-301F-11D3-BF4B-00C04F79EFBC}") = "DAL", "DAL\DAL.csproj", "{BC3AFC4A-AAE6-4D92-88AE-1D180529AFBF}"
EndProject
Project("{FAE04EC0-301F-11D3-BF4B-00C04F79EFBC}") = "ImageProcessing", "ImageProcessing\ImageProcessing.csproj", "{B6208E23-D22C-4BA5-B791-D69DC9EE9EFC}"
EndProject
Project("{FAE04EC0-301F-11D3-BF4B-00C04F79EFBC}") = "rec", "rec\rec.csproj", "{410BF12E-77C1-432D-9B6E-CEBC315E78AF}"
EndProject
Project("{FAE04EC0-301F-11D3-BF4B-00C04F79EFBC}") = "RentalCMS", "RentalCMS\RentalCMS.csproj", "{9A10BF31-6527-4073-A746-6FADA4A4995F}"
	ProjectSection(ProjectDependencies) = postProject
		{1E23A2D8-FE3C-40E5-9970-655285C869B4} = {1E23A2D8-FE3C-40E5-9970-655285C869B4}
	EndProjectSection
EndProject
Project("{FAE04EC0-301F-11D3-BF4B-00C04F79EFBC}") = "RentalCore", "RentalCore\RentalCore.csproj", "{1E23A2D8-FE3C-40E5-9970-655285C869B4}"
EndProject
Project("{FAE04EC0-301F-11D3-BF4B-00C04F79EFBC}") = "RentalCommon", "RentalCommon\RentalCommon.csproj", "{B7DD43F7-85E7-4434-9742-8B87C451686C}"
EndProject
Project("{FAE04EC0-301F-11D3-BF4B-00C04F79EFBC}") = "Controls", "Controls\Controls.csproj", "{63127E03-A44C-45A7-8DB8-F0FC78665D85}"
EndProject
Global
	GlobalSection(SolutionConfigurationPlatforms) = preSolution
		Debug|Any CPU = Debug|Any CPU
		Debug|Mixed Platforms = Debug|Mixed Platforms
		Debug|x86 = Debug|x86
		Release|Any CPU = Release|Any CPU
		Release|Mixed Platforms = Release|Mixed Platforms
		Release|x86 = Release|x86
	EndGlobalSection
	GlobalSection(ProjectConfigurationPlatforms) = postSolution
		{0457B26B-36C0-48D6-86D8-B3F7064813AE}.Debug|Any CPU.ActiveCfg = Debug|x86
		{0457B26B-36C0-48D6-86D8-B3F7064813AE}.Debug|Mixed Platforms.ActiveCfg = Debug|x86
		{0457B26B-36C0-48D6-86D8-B3F7064813AE}.Debug|Mixed Platforms.Build.0 = Debug|x86
		{0457B26B-36C0-48D6-86D8-B3F7064813AE}.Debug|x86.ActiveCfg = Debug|x86
		{0457B26B-36C0-48D6-86D8-B3F7064813AE}.Debug|x86.Build.0 = Debug|x86
		{0457B26B-36C0-48D6-86D8-B3F7064813AE}.Release|Any CPU.ActiveCfg = Release|x86
		{0457B26B-36C0-48D6-86D8-B3F7064813AE}.Release|Mixed Platforms.ActiveCfg = Release|x86
		{0457B26B-36C0-48D6-86D8-B3F7064813AE}.Release|Mixed Platforms.Build.0 = Release|x86
		{0457B26B-36C0-48D6-86D8-B3F7064813AE}.Release|x86.ActiveCfg = Release|x86
		{0457B26B-36C0-48D6-86D8-B3F7064813AE}.Release|x86.Build.0 = Release|x86
		{BC3AFC4A-AAE6-4D92-88AE-1D180529AFBF}.Debug|Any CPU.ActiveCfg = Debug|Any CPU
		{BC3AFC4A-AAE6-4D92-88AE-1D180529AFBF}.Debug|Any CPU.Build.0 = Debug|Any CPU
		{BC3AFC4A-AAE6-4D92-88AE-1D180529AFBF}.Debug|Mixed Platforms.ActiveCfg = Debug|Any CPU
		{BC3AFC4A-AAE6-4D92-88AE-1D180529AFBF}.Debug|Mixed Platforms.Build.0 = Debug|Any CPU
		{BC3AFC4A-AAE6-4D92-88AE-1D180529AFBF}.Debug|x86.ActiveCfg = Debug|Any CPU
		{BC3AFC4A-AAE6-4D92-88AE-1D180529AFBF}.Release|Any CPU.ActiveCfg = Release|Any CPU
		{BC3AFC4A-AAE6-4D92-88AE-1D180529AFBF}.Release|Any CPU.Build.0 = Release|Any CPU
		{BC3AFC4A-AAE6-4D92-88AE-1D180529AFBF}.Release|Mixed Platforms.ActiveCfg = Release|Any CPU
		{BC3AFC4A-AAE6-4D92-88AE-1D180529AFBF}.Release|Mixed Platforms.Build.0 = Release|Any CPU
		{BC3AFC4A-AAE6-4D92-88AE-1D180529AFBF}.Release|x86.ActiveCfg = Release|Any CPU
		{B6208E23-D22C-4BA5-B791-D69DC9EE9EFC}.Debug|Any CPU.ActiveCfg = Debug|Any CPU
		{B6208E23-D22C-4BA5-B791-D69DC9EE9EFC}.Debug|Any CPU.Build.0 = Debug|Any CPU
		{B6208E23-D22C-4BA5-B791-D69DC9EE9EFC}.Debug|Mixed Platforms.ActiveCfg = Debug|Any CPU
		{B6208E23-D22C-4BA5-B791-D69DC9EE9EFC}.Debug|Mixed Platforms.Build.0 = Debug|Any CPU
		{B6208E23-D22C-4BA5-B791-D69DC9EE9EFC}.Debug|x86.ActiveCfg = Debug|Any CPU
		{B6208E23-D22C-4BA5-B791-D69DC9EE9EFC}.Release|Any CPU.ActiveCfg = Release|Any CPU
		{B6208E23-D22C-4BA5-B791-D69DC9EE9EFC}.Release|Any CPU.Build.0 = Release|Any CPU
		{B6208E23-D22C-4BA5-B791-D69DC9EE9EFC}.Release|Mixed Platforms.ActiveCfg = Release|Any CPU
		{B6208E23-D22C-4BA5-B791-D69DC9EE9EFC}.Release|Mixed Platforms.Build.0 = Release|Any CPU
		{B6208E23-D22C-4BA5-B791-D69DC9EE9EFC}.Release|x86.ActiveCfg = Release|Any CPU
		{410BF12E-77C1-432D-9B6E-CEBC315E78AF}.Debug|Any CPU.ActiveCfg = Debug|x86
		{410BF12E-77C1-432D-9B6E-CEBC315E78AF}.Debug|Mixed Platforms.ActiveCfg = Debug|x86
		{410BF12E-77C1-432D-9B6E-CEBC315E78AF}.Debug|Mixed Platforms.Build.0 = Debug|x86
		{410BF12E-77C1-432D-9B6E-CEBC315E78AF}.Debug|x86.ActiveCfg = Debug|x86
		{410BF12E-77C1-432D-9B6E-CEBC315E78AF}.Debug|x86.Build.0 = Debug|x86
		{410BF12E-77C1-432D-9B6E-CEBC315E78AF}.Release|Any CPU.ActiveCfg = Release|x86
		{410BF12E-77C1-432D-9B6E-CEBC315E78AF}.Release|Mixed Platforms.ActiveCfg = Release|x86
		{410BF12E-77C1-432D-9B6E-CEBC315E78AF}.Release|Mixed Platforms.Build.0 = Release|x86
		{410BF12E-77C1-432D-9B6E-CEBC315E78AF}.Release|x86.ActiveCfg = Release|x86
		{410BF12E-77C1-432D-9B6E-CEBC315E78AF}.Release|x86.Build.0 = Release|x86
		{9A10BF31-6527-4073-A746-6FADA4A4995F}.Debug|Any CPU.ActiveCfg = Debug|Any CPU
		{9A10BF31-6527-4073-A746-6FADA4A4995F}.Debug|Any CPU.Build.0 = Debug|Any CPU
		{9A10BF31-6527-4073-A746-6FADA4A4995F}.Debug|Mixed Platforms.ActiveCfg = Debug|Any CPU
		{9A10BF31-6527-4073-A746-6FADA4A4995F}.Debug|Mixed Platforms.Build.0 = Debug|Any CPU
		{9A10BF31-6527-4073-A746-6FADA4A4995F}.Debug|x86.ActiveCfg = Debug|Any CPU
		{9A10BF31-6527-4073-A746-6FADA4A4995F}.Release|Any CPU.ActiveCfg = Release|Any CPU
		{9A10BF31-6527-4073-A746-6FADA4A4995F}.Release|Any CPU.Build.0 = Release|Any CPU
		{9A10BF31-6527-4073-A746-6FADA4A4995F}.Release|Mixed Platforms.ActiveCfg = Release|Any CPU
		{9A10BF31-6527-4073-A746-6FADA4A4995F}.Release|Mixed Platforms.Build.0 = Release|Any CPU
		{9A10BF31-6527-4073-A746-6FADA4A4995F}.Release|x86.ActiveCfg = Release|Any CPU
		{1E23A2D8-FE3C-40E5-9970-655285C869B4}.Debug|Any CPU.ActiveCfg = Debug|Any CPU
		{1E23A2D8-FE3C-40E5-9970-655285C869B4}.Debug|Any CPU.Build.0 = Debug|Any CPU
		{1E23A2D8-FE3C-40E5-9970-655285C869B4}.Debug|Mixed Platforms.ActiveCfg = Debug|Any CPU
		{1E23A2D8-FE3C-40E5-9970-655285C869B4}.Debug|Mixed Platforms.Build.0 = Debug|Any CPU
		{1E23A2D8-FE3C-40E5-9970-655285C869B4}.Debug|x86.ActiveCfg = Debug|Any CPU
		{1E23A2D8-FE3C-40E5-9970-655285C869B4}.Release|Any CPU.ActiveCfg = Release|Any CPU
		{1E23A2D8-FE3C-40E5-9970-655285C869B4}.Release|Any CPU.Build.0 = Release|Any CPU
		{1E23A2D8-FE3C-40E5-9970-655285C869B4}.Release|Mixed Platforms.ActiveCfg = Release|Any CPU
		{1E23A2D8-FE3C-40E5-9970-655285C869B4}.Release|Mixed Platforms.Build.0 = Release|Any CPU
		{1E23A2D8-FE3C-40E5-9970-655285C869B4}.Release|x86.ActiveCfg = Release|Any CPU
		{B7DD43F7-85E7-4434-9742-8B87C451686C}.Debug|Any CPU.ActiveCfg = Debug|Any CPU
		{B7DD43F7-85E7-4434-9742-8B87C451686C}.Debug|Any CPU.Build.0 = Debug|Any CPU
		{B7DD43F7-85E7-4434-9742-8B87C451686C}.Debug|Mixed Platforms.ActiveCfg = Debug|Any CPU
		{B7DD43F7-85E7-4434-9742-8B87C451686C}.Debug|Mixed Platforms.Build.0 = Debug|Any CPU
		{B7DD43F7-85E7-4434-9742-8B87C451686C}.Debug|x86.ActiveCfg = Debug|Any CPU
		{B7DD43F7-85E7-4434-9742-8B87C451686C}.Release|Any CPU.ActiveCfg = Release|Any CPU
		{B7DD43F7-85E7-4434-9742-8B87C451686C}.Release|Any CPU.Build.0 = Release|Any CPU
		{B7DD43F7-85E7-4434-9742-8B87C451686C}.Release|Mixed Platforms.ActiveCfg = Release|Any CPU
		{B7DD43F7-85E7-4434-9742-8B87C451686C}.Release|Mixed Platforms.Build.0 = Release|Any CPU
		{B7DD43F7-85E7-4434-9742-8B87C451686C}.Release|x86.ActiveCfg = Release|Any CPU
		{63127E03-A44C-45A7-8DB8-F0FC78665D85}.Debug|Any CPU.ActiveCfg = Debug|Any CPU
		{63127E03-A44C-45A7-8DB8-F0FC78665D85}.Debug|Any CPU.Build.0 = Debug|Any CPU
		{63127E03-A44C-45A7-8DB8-F0FC78665D85}.Debug|Mixed Platforms.ActiveCfg = Debug|Any CPU
		{63127E03-A44C-45A7-8DB8-F0FC78665D85}.Debug|Mixed Platforms.Build.0 = Debug|Any CPU
		{63127E03-A44C-45A7-8DB8-F0FC78665D85}.Debug|x86.ActiveCfg = Debug|Any CPU
		{63127E03-A44C-45A7-8DB8-F0FC78665D85}.Release|Any CPU.ActiveCfg = Release|Any CPU
		{63127E03-A44C-45A7-8DB8-F0FC78665D85}.Release|Any CPU.Build.0 = Release|Any CPU
		{63127E03-A44C-45A7-8DB8-F0FC78665D85}.Release|Mixed Platforms.ActiveCfg = Release|Any CPU
		{63127E03-A44C-45A7-8DB8-F0FC78665D85}.Release|Mixed Platforms.Build.0 = Release|Any CPU
		{63127E03-A44C-45A7-8DB8-F0FC78665D85}.Release|x86.ActiveCfg = Release|Any CPU
	EndGlobalSection
	GlobalSection(SolutionProperties) = preSolution
		HideSolutionNode = FALSE
	EndGlobalSection
EndGlobal
